<?xml version="1.0" encoding="utf-8"?>
<Project ToolsVersion="4.0" xmlns="http://schemas.microsoft.com/developer/msbuild/2003">
  <ItemGroup>
    <Filter Include="Source Files">
      <UniqueIdentifier>{4FC737F1-C7A5-4376-A066-2A32D752A2FF}</UniqueIdentifier>
      <Extensions>cpp;c;cc;cxx;c++;cppm;ixx;def;odl;idl;hpj;bat;asm;asmx</Extensions>
    </Filter>
    <Filter Include="Header Files">
      <UniqueIdentifier>{93995380-89BD-4b04-88EB-625FBE52EBFB}</UniqueIdentifier>
      <Extensions>h;hh;hpp;hxx;h++;hm;inl;inc;ipp;xsd</Extensions>
    </Filter>
    <Filter Include="Resource Files">
      <UniqueIdentifier>{67DA6AB6-F800-4c08-8B7A-83BB121AAD01}</UniqueIdentifier>
      <Extensions>rc;ico;cur;bmp;dlg;rc2;rct;bin;rgs;gif;jpg;jpeg;jpe;resx;tiff;tif;png;wav;mfcribbon-ms</Extensions>
    </Filter>
    <Filter Include="Resource Files\Icon">
      <UniqueIdentifier>{1ece998b-a5d7-40e6-af64-e1895a9f4f04}</UniqueIdentifier>
    </Filter>
    <Filter Include="Resource Files\Text">
      <UniqueIdentifier>{44448f5b-5012-46b4-a347-d616de6ab8d5}</UniqueIdentifier>
    </Filter>
  </ItemGroup>
  <ItemGroup>
    <ClCompile Include="main.cpp">
      <Filter>Source Files</Filter>
    </ClCompile>
    <ClCompile Include="RegistryManager.cpp">
      <Filter>Source Files</Filter>
    </ClCompile>
    <ClCompile Include="TrayIcon.cpp">
      <Filter>Source Files</Filter>
    </ClCompile>
    <ClCompile Include="VolumeSlider.cpp">
      <Filter>Source Files</Filter>
    </ClCompile>
    <ClCompile Include="CustomSlider.cpp">
      <Filter>Source Files</Filter>
    </ClCompile>
    <ClCompile Include="AboutDialog.cpp">
      <Filter>Source Files</Filter>
    </ClCompile>
    <ClCompile Include="UiLang.cpp">
      <Filter>Source Files</Filter>
    </ClCompile>
  </ItemGroup>
  <ItemGroup>
    <ClInclude Include="RegistryManager.h">
      <Filter>Header Files</Filter>
    </ClInclude>
    <ClInclude Include="resource.h">
      <Filter>Header Files</Filter>
    </ClInclude>
    <ClInclude Include="TrayIcon.h">
      <Filter>Header Files</Filter>
    </ClInclude>
    <ClInclude Include="VolumeSlider.h">
      <Filter>Header Files</Filter>
    </ClInclude>
    <ClInclude Include="CustomSlider.h">
      <Filter>Header Files</Filter>
    </ClInclude>
    <ClInclude Include="AboutDialog.h">
      <Filter>Header Files</Filter>
    </ClInclude>
    <ClInclude Include="UiTheme.h">
      <Filter>Header Files</Filter>
    </ClInclude>
    <ClInclude Include="UiLang.h">
      <Filter>Header Files</Filter>
    </ClInclude>
    <ClInclude Include="..\include\version.h">
      <Filter>Header Files</Filter>
    </ClInclude>
  </ItemGroup>
  <ItemGroup>
    <Image Include="Resource\icon.ico">
      <Filter>Resource Files\Icon</Filter>
    </Image>
    <Image Include="Resource\speaker_lv1.ico">
      <Filter>Resource Files\Icon</Filter>
    </Image>
    <Image Include="Resource\speaker_lv2.ico">
      <Filter>Resource Files\Icon</Filter>
    </Image>
    <Image Include="Resource\speaker_lv3.ico">
      <Filter>Resource Files\Icon</Filter>
    </Image>
    <Image Include="Resource\speaker_mute.ico">
      <Filter>Resource Files\Icon</Filter>
    </Image>
    <Image Include="Resource\icon_lv1.ico">
      <Filter>Resource Files\Icon</Filter>
    </Image>
    <Image Include="Resource\icon_lv2.ico">
      <Filter>Resource Files\Icon</Filter>
    </Image>
    <Image Include="Resource\icon_lv3.ico">
      <Filter>Resource Files\Icon</Filter>
    </Image>
    <Image Include="Resource\icon_mute.ico">
      <Filter>Resource Files\Icon</Filter>
    </Image>
  </ItemGroup>
  <ItemGroup>
    <ResourceCompile Include="resource.rc">
      <Filter>Resource Files</Filter>
    </ResourceCompile>
  </ItemGroup>
  <ItemGroup>
    <Xml Include="Resource\WinmmVol_manifest.xml">
      <Filter>Resource Files</Filter>
    </Xml>
  </ItemGroup>
  <ItemGroup>
    <Text Include="Resource\License\libflac.txt">
      <Filter>Resource Files\Text</Filter>
    </Text>
    <Text Include="Resource\License\libogg.txt">
      <Filter>Resource Files\Text</Filter>
    </Text>
    <Text Include="Resource\License\libvorbis.txt">
      <Filter>Resource Files\Text</Filter>
    </Text>
    <Text Include="Resource\License\minimp3.txt">
      <Filter>Resource Files\Text</Filter>
    </Text>
    <Text Include="Resource\en-US\Ui-en.txt">
      <Filter>Resource Files\Text</Filter>
    </Text>
    <Text Include="Resource\ko-KR\Ui-ko.txt">
      <Filter>Resource Files\Text</Filter>
    </Text>
    <Text Include="Resource\en-US\Usage-en.txt">
      <Filter>Resource Files\Text</Filter>
    </Text>
    <Text Include="Resource\ko-KR\Usage-ko.txt">
      <Filter>Resource Files\Text</Filter>
    </Text>
  </ItemGroup>
</Project>